
Microsoft Visual Studio Solution File, Format Version 12.00
# Visual Studio Version 17
VisualStudioVersion = 17.3.32811.315
MinimumVisualStudioVersion = 10.0.40219.1
Project("{2150E333-8FDC-42A3-9474-1A3956D46DE8}") = "Products", "Products", "{327F4F1D-2AA8-4168-912D-31F77348180D}"
EndProject
Project("{2150E333-8FDC-42A3-9474-1A3956D46DE8}") = "src", "src", "{EE745CFD-C723-4AB9-A600-B7045DF5DBF1}"
EndProject
Project("{2150E333-8FDC-42A3-9474-1A3956D46DE8}") = "ApiGateway", "ApiGateway", "{3A343B13-8A6A-4DEE-8B57-56E16C0A5A64}"
EndProject
Project("{2150E333-8FDC-42A3-9474-1A3956D46DE8}") = "Services", "Services", "{24EB8A51-90E1-4194-B15E-6FB5240B448E}"
EndProject
Project("{2150E333-8FDC-42A3-9474-1A3956D46DE8}") = "Common", "Common", "{688468A4-64F7-4E9A-90B3-08231194F3F1}"
EndProject
Project("{2150E333-8FDC-42A3-9474-1A3956D46DE8}") = "Orders", "Orders", "{BF0E4C39-F1E5-4EC1-A4E9-C41E0FA9A7CB}"
EndProject
Project("{2150E333-8FDC-42A3-9474-1A3956D46DE8}") = "Sourcing", "Sourcing", "{386EC74B-9E10-43CD-8F93-25B4C85298CF}"
EndProject
Project("{2150E333-8FDC-42A3-9474-1A3956D46DE8}") = "WebApp", "WebApp", "{FD44D1BD-3188-43EC-8DC7-36ED226AB471}"
EndProject
Project("{E53339B2-1760-4266-BCC7-CA923CBCF16C}") = "docker-compose", "docker-compose.dcproj", "{43B3896E-8BFF-44EF-A944-AD290430763C}"
EndProject
Project("{FAE04EC0-301F-11D3-BF4B-00C04F79EFBC}") = "EventBusRabbitMQ", "src\Services\Common\EventBusRabbitMQ\EventBusRabbitMQ.csproj", "{25FC56E4-1C1F-4F9C-BCB2-2DBE6AAC237C}"
EndProject
Project("{9A19103F-16F7-4668-BE54-9A1E7A4F7556}") = "ESourcing.Products", "src\Services\ESourcing.Products\ESourcing.Products.csproj", "{86C85067-77D2-408B-8BD5-48E439808820}"
EndProject
Project("{9A19103F-16F7-4668-BE54-9A1E7A4F7556}") = "ESourcing.Sourcing", "src\Services\ESourcing.Sourcing\ESourcing.Sourcing.csproj", "{175D5F28-84AC-4730-BDE3-55A4B7224DEF}"
EndProject
Global
	GlobalSection(SolutionConfigurationPlatforms) = preSolution
		Debug|Any CPU = Debug|Any CPU
		Release|Any CPU = Release|Any CPU
	EndGlobalSection
	GlobalSection(ProjectConfigurationPlatforms) = postSolution
		{43B3896E-8BFF-44EF-A944-AD290430763C}.Debug|Any CPU.ActiveCfg = Debug|Any CPU
		{43B3896E-8BFF-44EF-A944-AD290430763C}.Debug|Any CPU.Build.0 = Debug|Any CPU
		{43B3896E-8BFF-44EF-A944-AD290430763C}.Release|Any CPU.ActiveCfg = Release|Any CPU
		{43B3896E-8BFF-44EF-A944-AD290430763C}.Release|Any CPU.Build.0 = Release|Any CPU
		{25FC56E4-1C1F-4F9C-BCB2-2DBE6AAC237C}.Debug|Any CPU.ActiveCfg = Debug|Any CPU
		{25FC56E4-1C1F-4F9C-BCB2-2DBE6AAC237C}.Debug|Any CPU.Build.0 = Debug|Any CPU
		{25FC56E4-1C1F-4F9C-BCB2-2DBE6AAC237C}.Release|Any CPU.ActiveCfg = Release|Any CPU
		{25FC56E4-1C1F-4F9C-BCB2-2DBE6AAC237C}.Release|Any CPU.Build.0 = Release|Any CPU
		{86C85067-77D2-408B-8BD5-48E439808820}.Debug|Any CPU.ActiveCfg = Debug|Any CPU
		{86C85067-77D2-408B-8BD5-48E439808820}.Debug|Any CPU.Build.0 = Debug|Any CPU
		{86C85067-77D2-408B-8BD5-48E439808820}.Release|Any CPU.ActiveCfg = Release|Any CPU
		{86C85067-77D2-408B-8BD5-48E439808820}.Release|Any CPU.Build.0 = Release|Any CPU
		{175D5F28-84AC-4730-BDE3-55A4B7224DEF}.Debug|Any CPU.ActiveCfg = Debug|Any CPU
		{175D5F28-84AC-4730-BDE3-55A4B7224DEF}.Debug|Any CPU.Build.0 = Debug|Any CPU
		{175D5F28-84AC-4730-BDE3-55A4B7224DEF}.Release|Any CPU.ActiveCfg = Release|Any CPU
		{175D5F28-84AC-4730-BDE3-55A4B7224DEF}.Release|Any CPU.Build.0 = Release|Any CPU
	EndGlobalSection
	GlobalSection(SolutionProperties) = preSolution
		HideSolutionNode = FALSE
	EndGlobalSection
	GlobalSection(NestedProjects) = preSolution
		{327F4F1D-2AA8-4168-912D-31F77348180D} = {24EB8A51-90E1-4194-B15E-6FB5240B448E}
		{3A343B13-8A6A-4DEE-8B57-56E16C0A5A64} = {EE745CFD-C723-4AB9-A600-B7045DF5DBF1}
		{24EB8A51-90E1-4194-B15E-6FB5240B448E} = {EE745CFD-C723-4AB9-A600-B7045DF5DBF1}
		{688468A4-64F7-4E9A-90B3-08231194F3F1} = {24EB8A51-90E1-4194-B15E-6FB5240B448E}
		{BF0E4C39-F1E5-4EC1-A4E9-C41E0FA9A7CB} = {24EB8A51-90E1-4194-B15E-6FB5240B448E}
		{386EC74B-9E10-43CD-8F93-25B4C85298CF} = {24EB8A51-90E1-4194-B15E-6FB5240B448E}
		{FD44D1BD-3188-43EC-8DC7-36ED226AB471} = {EE745CFD-C723-4AB9-A600-B7045DF5DBF1}
		{25FC56E4-1C1F-4F9C-BCB2-2DBE6AAC237C} = {688468A4-64F7-4E9A-90B3-08231194F3F1}
		{86C85067-77D2-408B-8BD5-48E439808820} = {327F4F1D-2AA8-4168-912D-31F77348180D}
		{175D5F28-84AC-4730-BDE3-55A4B7224DEF} = {386EC74B-9E10-43CD-8F93-25B4C85298CF}
	EndGlobalSection
	GlobalSection(ExtensibilityGlobals) = postSolution
		SolutionGuid = {95A03074-11E8-4736-AAA2-CEB357B13CAC}
	EndGlobalSection
EndGlobal
