
Microsoft Visual Studio Solution File, Format Version 12.00
# Visual Studio Version 17
VisualStudioVersion = 17.3.32811.315
MinimumVisualStudioVersion = 10.0.40219.1
Project("{2150E333-8FDC-42A3-9474-1A3956D46DE8}") = "Products", "Products", "{327F4F1D-2AA8-4168-912D-31F77348180D}"
EndProject
Project("{2150E333-8FDC-42A3-9474-1A3956D46DE8}") = "src", "src", "{EE745CFD-C723-4AB9-A600-B7045DF5DBF1}"
EndProject
Project("{2150E333-8FDC-42A3-9474-1A3956D46DE8}") = "ApiGateway", "ApiGateway", "{3A343B13-8A6A-4DEE-8B57-56E16C0A5A64}"
EndProject
Project("{2150E333-8FDC-42A3-9474-1A3956D46DE8}") = "Services", "Services", "{24EB8A51-90E1-4194-B15E-6FB5240B448E}"
EndProject
Project("{2150E333-8FDC-42A3-9474-1A3956D46DE8}") = "Common", "Common", "{688468A4-64F7-4E9A-90B3-08231194F3F1}"
EndProject
Project("{2150E333-8FDC-42A3-9474-1A3956D46DE8}") = "Orders", "Orders", "{BF0E4C39-F1E5-4EC1-A4E9-C41E0FA9A7CB}"
EndProject
Project("{2150E333-8FDC-42A3-9474-1A3956D46DE8}") = "Sourcings", "Sourcings", "{386EC74B-9E10-43CD-8F93-25B4C85298CF}"
EndProject
Project("{2150E333-8FDC-42A3-9474-1A3956D46DE8}") = "WebApp", "WebApp", "{FD44D1BD-3188-43EC-8DC7-36ED226AB471}"
EndProject
Project("{9A19103F-16F7-4668-BE54-9A1E7A4F7556}") = "EventBusRabbitMQ", "src\Services\Common\EventBusRabbitMQ\EventBusRabbitMQ.csproj", "{25FC56E4-1C1F-4F9C-BCB2-2DBE6AAC237C}"
EndProject
Project("{9A19103F-16F7-4668-BE54-9A1E7A4F7556}") = "ESourcingUI", "src\WebApp\ESourcingUI\ESourcingUI.csproj", "{3A345ED2-2C4B-4DB1-91E3-AEA760F8FF69}"
EndProject
Project("{9A19103F-16F7-4668-BE54-9A1E7A4F7556}") = "ESourcing.Core", "src\WebApp\ESourcing.Core\ESourcing.Core.csproj", "{DF5F17B5-9E12-4FC9-9C73-07AA0F5E49DE}"
EndProject
Project("{9A19103F-16F7-4668-BE54-9A1E7A4F7556}") = "ESourcing.Infrastructure", "src\WebApp\ESourcing.Infrastructure\ESourcing.Infrastructure.csproj", "{9CEF5FD2-9A0E-4BD1-953E-3B0493B3BBA8}"
EndProject
Project("{E53339B2-1760-4266-BCC7-CA923CBCF16C}") = "docker-compose", "docker-compose.dcproj", "{945413A8-34FB-43DC-9AF3-0E16A85A7A23}"
EndProject
Project("{9A19103F-16F7-4668-BE54-9A1E7A4F7556}") = "ESourcing.Order", "src\Services\Orders\ESourcing.Order\ESourcing.Order.csproj", "{A15D8905-F83A-423D-8D93-A4D8EB19E00E}"
EndProject
Project("{9A19103F-16F7-4668-BE54-9A1E7A4F7556}") = "ESourcing.Products", "src\Services\Products\ESourcing.Products\ESourcing.Products.csproj", "{2B97D6F5-B1D8-4A3C-87E3-0335D5CCB0FB}"
EndProject
Project("{9A19103F-16F7-4668-BE54-9A1E7A4F7556}") = "ESourcing.Sourcing", "src\Services\Sourcings\ESourcing.Sourcing\ESourcing.Sourcing.csproj", "{702C6A35-87FE-4342-BECC-EE5388D1191D}"
EndProject
Project("{FAE04EC0-301F-11D3-BF4B-00C04F79EFBC}") = "Orders.Domain", "src\Services\Orders\Orders.Domain\Orders.Domain.csproj", "{ED14BADC-2901-4B69-AA77-6F6A3F5989DB}"
EndProject
Project("{FAE04EC0-301F-11D3-BF4B-00C04F79EFBC}") = "Orders.Application", "src\Services\Orders\Orders.Application\Orders.Application.csproj", "{5C9623B6-949B-4F69-A1A2-AE62B04E87F9}"
EndProject
Project("{FAE04EC0-301F-11D3-BF4B-00C04F79EFBC}") = "Orders.Infrastructure", "src\Services\Orders\Orders.Infrastructure\Orders.Infrastructure.csproj", "{3A7C9A0C-0BA1-44BD-892E-33494255A639}"
EndProject
Global
	GlobalSection(SolutionConfigurationPlatforms) = preSolution
		Debug|Any CPU = Debug|Any CPU
		Release|Any CPU = Release|Any CPU
	EndGlobalSection
	GlobalSection(ProjectConfigurationPlatforms) = postSolution
		{25FC56E4-1C1F-4F9C-BCB2-2DBE6AAC237C}.Debug|Any CPU.ActiveCfg = Debug|Any CPU
		{25FC56E4-1C1F-4F9C-BCB2-2DBE6AAC237C}.Debug|Any CPU.Build.0 = Debug|Any CPU
		{25FC56E4-1C1F-4F9C-BCB2-2DBE6AAC237C}.Release|Any CPU.ActiveCfg = Release|Any CPU
		{25FC56E4-1C1F-4F9C-BCB2-2DBE6AAC237C}.Release|Any CPU.Build.0 = Release|Any CPU
		{3A345ED2-2C4B-4DB1-91E3-AEA760F8FF69}.Debug|Any CPU.ActiveCfg = Debug|Any CPU
		{3A345ED2-2C4B-4DB1-91E3-AEA760F8FF69}.Debug|Any CPU.Build.0 = Debug|Any CPU
		{3A345ED2-2C4B-4DB1-91E3-AEA760F8FF69}.Release|Any CPU.ActiveCfg = Release|Any CPU
		{3A345ED2-2C4B-4DB1-91E3-AEA760F8FF69}.Release|Any CPU.Build.0 = Release|Any CPU
		{DF5F17B5-9E12-4FC9-9C73-07AA0F5E49DE}.Debug|Any CPU.ActiveCfg = Debug|Any CPU
		{DF5F17B5-9E12-4FC9-9C73-07AA0F5E49DE}.Debug|Any CPU.Build.0 = Debug|Any CPU
		{DF5F17B5-9E12-4FC9-9C73-07AA0F5E49DE}.Release|Any CPU.ActiveCfg = Release|Any CPU
		{DF5F17B5-9E12-4FC9-9C73-07AA0F5E49DE}.Release|Any CPU.Build.0 = Release|Any CPU
		{9CEF5FD2-9A0E-4BD1-953E-3B0493B3BBA8}.Debug|Any CPU.ActiveCfg = Debug|Any CPU
		{9CEF5FD2-9A0E-4BD1-953E-3B0493B3BBA8}.Debug|Any CPU.Build.0 = Debug|Any CPU
		{9CEF5FD2-9A0E-4BD1-953E-3B0493B3BBA8}.Release|Any CPU.ActiveCfg = Release|Any CPU
		{9CEF5FD2-9A0E-4BD1-953E-3B0493B3BBA8}.Release|Any CPU.Build.0 = Release|Any CPU
		{945413A8-34FB-43DC-9AF3-0E16A85A7A23}.Debug|Any CPU.ActiveCfg = Debug|Any CPU
		{945413A8-34FB-43DC-9AF3-0E16A85A7A23}.Debug|Any CPU.Build.0 = Debug|Any CPU
		{945413A8-34FB-43DC-9AF3-0E16A85A7A23}.Release|Any CPU.ActiveCfg = Release|Any CPU
		{945413A8-34FB-43DC-9AF3-0E16A85A7A23}.Release|Any CPU.Build.0 = Release|Any CPU
		{A15D8905-F83A-423D-8D93-A4D8EB19E00E}.Debug|Any CPU.ActiveCfg = Debug|Any CPU
		{A15D8905-F83A-423D-8D93-A4D8EB19E00E}.Debug|Any CPU.Build.0 = Debug|Any CPU
		{A15D8905-F83A-423D-8D93-A4D8EB19E00E}.Release|Any CPU.ActiveCfg = Release|Any CPU
		{A15D8905-F83A-423D-8D93-A4D8EB19E00E}.Release|Any CPU.Build.0 = Release|Any CPU
		{2B97D6F5-B1D8-4A3C-87E3-0335D5CCB0FB}.Debug|Any CPU.ActiveCfg = Debug|Any CPU
		{2B97D6F5-B1D8-4A3C-87E3-0335D5CCB0FB}.Debug|Any CPU.Build.0 = Debug|Any CPU
		{2B97D6F5-B1D8-4A3C-87E3-0335D5CCB0FB}.Release|Any CPU.ActiveCfg = Release|Any CPU
		{2B97D6F5-B1D8-4A3C-87E3-0335D5CCB0FB}.Release|Any CPU.Build.0 = Release|Any CPU
		{702C6A35-87FE-4342-BECC-EE5388D1191D}.Debug|Any CPU.ActiveCfg = Debug|Any CPU
		{702C6A35-87FE-4342-BECC-EE5388D1191D}.Debug|Any CPU.Build.0 = Debug|Any CPU
		{702C6A35-87FE-4342-BECC-EE5388D1191D}.Release|Any CPU.ActiveCfg = Release|Any CPU
		{702C6A35-87FE-4342-BECC-EE5388D1191D}.Release|Any CPU.Build.0 = Release|Any CPU
		{ED14BADC-2901-4B69-AA77-6F6A3F5989DB}.Debug|Any CPU.ActiveCfg = Debug|Any CPU
		{ED14BADC-2901-4B69-AA77-6F6A3F5989DB}.Debug|Any CPU.Build.0 = Debug|Any CPU
		{ED14BADC-2901-4B69-AA77-6F6A3F5989DB}.Release|Any CPU.ActiveCfg = Release|Any CPU
		{ED14BADC-2901-4B69-AA77-6F6A3F5989DB}.Release|Any CPU.Build.0 = Release|Any CPU
		{5C9623B6-949B-4F69-A1A2-AE62B04E87F9}.Debug|Any CPU.ActiveCfg = Debug|Any CPU
		{5C9623B6-949B-4F69-A1A2-AE62B04E87F9}.Debug|Any CPU.Build.0 = Debug|Any CPU
		{5C9623B6-949B-4F69-A1A2-AE62B04E87F9}.Release|Any CPU.ActiveCfg = Release|Any CPU
		{5C9623B6-949B-4F69-A1A2-AE62B04E87F9}.Release|Any CPU.Build.0 = Release|Any CPU
		{3A7C9A0C-0BA1-44BD-892E-33494255A639}.Debug|Any CPU.ActiveCfg = Debug|Any CPU
		{3A7C9A0C-0BA1-44BD-892E-33494255A639}.Debug|Any CPU.Build.0 = Debug|Any CPU
		{3A7C9A0C-0BA1-44BD-892E-33494255A639}.Release|Any CPU.ActiveCfg = Release|Any CPU
		{3A7C9A0C-0BA1-44BD-892E-33494255A639}.Release|Any CPU.Build.0 = Release|Any CPU
	EndGlobalSection
	GlobalSection(SolutionProperties) = preSolution
		HideSolutionNode = FALSE
	EndGlobalSection
	GlobalSection(NestedProjects) = preSolution
		{327F4F1D-2AA8-4168-912D-31F77348180D} = {24EB8A51-90E1-4194-B15E-6FB5240B448E}
		{3A343B13-8A6A-4DEE-8B57-56E16C0A5A64} = {EE745CFD-C723-4AB9-A600-B7045DF5DBF1}
		{24EB8A51-90E1-4194-B15E-6FB5240B448E} = {EE745CFD-C723-4AB9-A600-B7045DF5DBF1}
		{688468A4-64F7-4E9A-90B3-08231194F3F1} = {24EB8A51-90E1-4194-B15E-6FB5240B448E}
		{BF0E4C39-F1E5-4EC1-A4E9-C41E0FA9A7CB} = {24EB8A51-90E1-4194-B15E-6FB5240B448E}
		{386EC74B-9E10-43CD-8F93-25B4C85298CF} = {24EB8A51-90E1-4194-B15E-6FB5240B448E}
		{FD44D1BD-3188-43EC-8DC7-36ED226AB471} = {EE745CFD-C723-4AB9-A600-B7045DF5DBF1}
		{25FC56E4-1C1F-4F9C-BCB2-2DBE6AAC237C} = {688468A4-64F7-4E9A-90B3-08231194F3F1}
		{3A345ED2-2C4B-4DB1-91E3-AEA760F8FF69} = {FD44D1BD-3188-43EC-8DC7-36ED226AB471}
		{DF5F17B5-9E12-4FC9-9C73-07AA0F5E49DE} = {FD44D1BD-3188-43EC-8DC7-36ED226AB471}
		{9CEF5FD2-9A0E-4BD1-953E-3B0493B3BBA8} = {FD44D1BD-3188-43EC-8DC7-36ED226AB471}
		{A15D8905-F83A-423D-8D93-A4D8EB19E00E} = {BF0E4C39-F1E5-4EC1-A4E9-C41E0FA9A7CB}
		{2B97D6F5-B1D8-4A3C-87E3-0335D5CCB0FB} = {327F4F1D-2AA8-4168-912D-31F77348180D}
		{702C6A35-87FE-4342-BECC-EE5388D1191D} = {386EC74B-9E10-43CD-8F93-25B4C85298CF}
		{ED14BADC-2901-4B69-AA77-6F6A3F5989DB} = {BF0E4C39-F1E5-4EC1-A4E9-C41E0FA9A7CB}
		{5C9623B6-949B-4F69-A1A2-AE62B04E87F9} = {BF0E4C39-F1E5-4EC1-A4E9-C41E0FA9A7CB}
		{3A7C9A0C-0BA1-44BD-892E-33494255A639} = {BF0E4C39-F1E5-4EC1-A4E9-C41E0FA9A7CB}
	EndGlobalSection
	GlobalSection(ExtensibilityGlobals) = postSolution
		SolutionGuid = {95A03074-11E8-4736-AAA2-CEB357B13CAC}
	EndGlobalSection
EndGlobal
